// !$*UTF8*$!
{
	archiveVersion = 1;
	classes = {
	};
	objectVersion = 46;
	objects = {

/* Begin PBXBuildFile section */
		2164843D1D10EC390099BD73 /* AppDelegate.swift in Sources */ = {isa = PBXBuildFile; fileRef = 2164843C1D10EC390099BD73 /* AppDelegate.swift */; };
		2164843F1D10EC390099BD73 /* ViewController.swift in Sources */ = {isa = PBXBuildFile; fileRef = 2164843E1D10EC390099BD73 /* ViewController.swift */; };
		216484421D10EC390099BD73 /* Main.storyboard in Resources */ = {isa = PBXBuildFile; fileRef = 216484401D10EC390099BD73 /* Main.storyboard */; };
		216484441D10EC390099BD73 /* Assets.xcassets in Resources */ = {isa = PBXBuildFile; fileRef = 216484431D10EC390099BD73 /* Assets.xcassets */; };
		216484471D10EC390099BD73 /* LaunchScreen.storyboard in Resources */ = {isa = PBXBuildFile; fileRef = 216484451D10EC390099BD73 /* LaunchScreen.storyboard */; };
		216484501D10F6100099BD73 /* TCWebViewController.swift in Sources */ = {isa = PBXBuildFile; fileRef = 2164844F1D10F6100099BD73 /* TCWebViewController.swift */; };
		21AC76FB1D1790EE003B5DE7 /* pace.js in Resources */ = {isa = PBXBuildFile; fileRef = 21AC76FA1D1790EE003B5DE7 /* pace.js */; };
/* End PBXBuildFile section */

/* Begin PBXFileReference section */
		216484391D10EC390099BD73 /* TCWebView.app */ = {isa = PBXFileReference; explicitFileType = wrapper.application; includeInIndex = 0; path = TCWebView.app; sourceTree = BUILT_PRODUCTS_DIR; };
		2164843C1D10EC390099BD73 /* AppDelegate.swift */ = {isa = PBXFileReference; lastKnownFileType = sourcecode.swift; path = AppDelegate.swift; sourceTree = "<group>"; };
		2164843E1D10EC390099BD73 /* ViewController.swift */ = {isa = PBXFileReference; lastKnownFileType = sourcecode.swift; path = ViewController.swift; sourceTree = "<group>"; };
		216484411D10EC390099BD73 /* Base */ = {isa = PBXFileReference; lastKnownFileType = file.storyboard; name = Base; path = Base.lproj/Main.storyboard; sourceTree = "<group>"; };
		216484431D10EC390099BD73 /* Assets.xcassets */ = {isa = PBXFileReference; lastKnownFileType = folder.assetcatalog; path = Assets.xcassets; sourceTree = "<group>"; };
		216484461D10EC390099BD73 /* Base */ = {isa = PBXFileReference; lastKnownFileType = file.storyboard; name = Base; path = Base.lproj/LaunchScreen.storyboard; sourceTree = "<group>"; };
		216484481D10EC390099BD73 /* Info.plist */ = {isa = PBXFileReference; lastKnownFileType = text.plist.xml; path = Info.plist; sourceTree = "<group>"; };
		2164844F1D10F6100099BD73 /* TCWebViewController.swift */ = {isa = PBXFileReference; fileEncoding = 4; lastKnownFileType = sourcecode.swift; path = TCWebViewController.swift; sourceTree = "<group>"; };
		21AC76FA1D1790EE003B5DE7 /* pace.js */ = {isa = PBXFileReference; fileEncoding = 4; lastKnownFileType = sourcecode.javascript; path = pace.js; sourceTree = "<group>"; };
/* End PBXFileReference section */

/* Begin PBXFrameworksBuildPhase section */
		216484361D10EC390099BD73 /* Frameworks */ = {
			isa = PBXFrameworksBuildPhase;
			buildActionMask = 2147483647;
			files = (
			);
			runOnlyForDeploymentPostprocessing = 0;
		};
/* End PBXFrameworksBuildPhase section */

/* Begin PBXGroup section */
		216484301D10EC390099BD73 = {
			isa = PBXGroup;
			children = (
				2164843B1D10EC390099BD73 /* TCWebView */,
				2164843A1D10EC390099BD73 /* Products */,
			);
			sourceTree = "<group>";
		};
		2164843A1D10EC390099BD73 /* Products */ = {
			isa = PBXGroup;
			children = (
				216484391D10EC390099BD73 /* TCWebView.app */,
			);
			name = Products;
			sourceTree = "<group>";
		};
		2164843B1D10EC390099BD73 /* TCWebView */ = {
			isa = PBXGroup;
			children = (
				2164844E1D10F5FC0099BD73 /* TCWebViewController */,
				2164843C1D10EC390099BD73 /* AppDelegate.swift */,
				2164843E1D10EC390099BD73 /* ViewController.swift */,
				216484401D10EC390099BD73 /* Main.storyboard */,
				216484431D10EC390099BD73 /* Assets.xcassets */,
				216484451D10EC390099BD73 /* LaunchScreen.storyboard */,
				216484481D10EC390099BD73 /* Info.plist */,
			);
			path = TCWebView;
			sourceTree = "<group>";
		};
		2164844E1D10F5FC0099BD73 /* TCWebViewController */ = {
			isa = PBXGroup;
			children = (
				2164844F1D10F6100099BD73 /* TCWebViewController.swift */,
				21AC76FA1D1790EE003B5DE7 /* pace.js */,
			);
			path = TCWebViewController;
			sourceTree = "<group>";
		};
/* End PBXGroup section */

/* Begin PBXNativeTarget section */
		216484381D10EC390099BD73 /* TCWebView */ = {
			isa = PBXNativeTarget;
			buildConfigurationList = 2164844B1D10EC390099BD73 /* Build configuration list for PBXNativeTarget "TCWebView" */;
			buildPhases = (
				216484351D10EC390099BD73 /* Sources */,
				216484361D10EC390099BD73 /* Frameworks */,
				216484371D10EC390099BD73 /* Resources */,
			);
			buildRules = (
			);
			dependencies = (
			);
			name = TCWebView;
			productName = TCWebView;
			productReference = 216484391D10EC390099BD73 /* TCWebView.app */;
			productType = "com.apple.product-type.application";
		};
/* End PBXNativeTarget section */

/* Begin PBXProject section */
		216484311D10EC390099BD73 /* Project object */ = {
			isa = PBXProject;
			attributes = {
				LastSwiftUpdateCheck = 0730;
				LastUpgradeCheck = 0730;
				ORGANIZATIONNAME = "谈超";
				TargetAttributes = {
					216484381D10EC390099BD73 = {
						CreatedOnToolsVersion = 7.3;
						LastSwiftMigration = 0800;
					};
				};
			};
			buildConfigurationList = 216484341D10EC390099BD73 /* Build configuration list for PBXProject "TCWebView" */;
			compatibilityVersion = "Xcode 3.2";
			developmentRegion = English;
			hasScannedForEncodings = 0;
			knownRegions = (
				en,
				Base,
			);
			mainGroup = 216484301D10EC390099BD73;
			productRefGroup = 2164843A1D10EC390099BD73 /* Products */;
			projectDirPath = "";
			projectRoot = "";
			targets = (
				216484381D10EC390099BD73 /* TCWebView */,
			);
		};
/* End PBXProject section */

/* Begin PBXResourcesBuildPhase section */
		216484371D10EC390099BD73 /* Resources */ = {
			isa = PBXResourcesBuildPhase;
			buildActionMask = 2147483647;
			files = (
				216484471D10EC390099BD73 /* LaunchScreen.storyboard in Resources */,
				216484441D10EC390099BD73 /* Assets.xcassets in Resources */,
				216484421D10EC390099BD73 /* Main.storyboard in Resources */,
				21AC76FB1D1790EE003B5DE7 /* pace.js in Resources */,
			);
			runOnlyForDeploymentPostprocessing = 0;
		};
/* End PBXResourcesBuildPhase section */

/* Begin PBXSourcesBuildPhase section */
		216484351D10EC390099BD73 /* Sources */ = {
			isa = PBXSourcesBuildPhase;
			buildActionMask = 2147483647;
			files = (
				2164843F1D10EC390099BD73 /* ViewController.swift in Sources */,
				216484501D10F6100099BD73 /* TCWebViewController.swift in Sources */,
				2164843D1D10EC390099BD73 /* AppDelegate.swift in Sources */,
			);
			runOnlyForDeploymentPostprocessing = 0;
		};
/* End PBXSourcesBuildPhase section */

/* Begin PBXVariantGroup section */
		216484401D10EC390099BD73 /* Main.storyboard */ = {
			isa = PBXVariantGroup;
			children = (
				216484411D10EC390099BD73 /* Base */,
			);
			name = Main.storyboard;
			sourceTree = "<group>";
		};
		216484451D10EC390099BD73 /* LaunchScreen.storyboard */ = {
			isa = PBXVariantGroup;
			children = (
				216484461D10EC390099BD73 /* Base */,
			);
			name = LaunchScreen.storyboard;
			sourceTree = "<group>";
		};
/* End PBXVariantGroup section */

/* Begin XCBuildConfiguration section */
		216484491D10EC390099BD73 /* Debug */ = {
			isa = XCBuildConfiguration;
			buildSettings = {
				ALWAYS_SEARCH_USER_PATHS = NO;
				CLANG_ANALYZER_NONNULL = YES;
				CLANG_CXX_LANGUAGE_STANDARD = "gnu++0x";
				CLANG_CXX_LIBRARY = "libc++";
				CLANG_ENABLE_MODULES = YES;
				CLANG_ENABLE_OBJC_ARC = YES;
				CLANG_WARN_BOOL_CONVERSION = YES;
				CLANG_WARN_CONSTANT_CONVERSION = YES;
				CLANG_WARN_DIRECT_OBJC_ISA_USAGE = YES_ERROR;
				CLANG_WARN_EMPTY_BODY = YES;
				CLANG_WARN_ENUM_CONVERSION = YES;
				CLANG_WARN_INT_CONVERSION = YES;
				CLANG_WARN_OBJC_ROOT_CLASS = YES_ERROR;
				CLANG_WARN_UNREACHABLE_CODE = YES;
				CLANG_WARN__DUPLICATE_METHOD_MATCH = YES;
				"CODE_SIGN_IDENTITY[sdk=iphoneos*]" = "iPhone Developer";
				COPY_PHASE_STRIP = NO;
				DEBUG_INFORMATION_FORMAT = dwarf;
				ENABLE_STRICT_OBJC_MSGSEND = YES;
				ENABLE_TESTABILITY = YES;
				GCC_C_LANGUAGE_STANDARD = gnu99;
				GCC_DYNAMIC_NO_PIC = NO;
				GCC_NO_COMMON_BLOCKS = YES;
				GCC_OPTIMIZATION_LEVEL = 0;
				GCC_PREPROCESSOR_DEFINITIONS = (
					"DEBUG=1",
					"$(inherited)",
				);
				GCC_WARN_64_TO_32_BIT_CONVERSION = YES;
				GCC_WARN_ABOUT_RETURN_TYPE = YES_ERROR;
				GCC_WARN_UNDECLARED_SELECTOR = YES;
				GCC_WARN_UNINITIALIZED_AUTOS = YES_AGGRESSIVE;
				GCC_WARN_UNUSED_FUNCTION = YES;
				GCC_WARN_UNUSED_VARIABLE = YES;
				IPHONEOS_DEPLOYMENT_TARGET = 9.3;
				MTL_ENABLE_DEBUG_INFO = YES;
				ONLY_ACTIVE_ARCH = YES;
				SDKROOT = iphoneos;
				SWIFT_OPTIMIZATION_LEVEL = "-Onone";
				TARGETED_DEVICE_FAMILY = "1,2";
			};
			name = Debug;
		};
		2164844A1D10EC390099BD73 /* Release */ = {
			isa = XCBuildConfiguration;
			buildSettings = {
				ALWAYS_SEARCH_USER_PATHS = NO;
				CLANG_ANALYZER_NONNULL = YES;
				CLANG_CXX_LANGUAGE_STANDARD = "gnu++0x";
				CLANG_CXX_LIBRARY = "libc++";
				CLANG_ENABLE_MODULES = YES;
				CLANG_ENABLE_OBJC_ARC = YES;
				CLANG_WARN_BOOL_CONVERSION = YES;
				CLANG_WARN_CONSTANT_CONVERSION = YES;
				CLANG_WARN_DIRECT_OBJC_ISA_USAGE = YES_ERROR;
				CLANG_WARN_EMPTY_BODY = YES;
				CLANG_WARN_ENUM_CONVERSION = YES;
				CLANG_WARN_INT_CONVERSION = YES;
				CLANG_WARN_OBJC_ROOT_CLASS = YES_ERROR;
				CLANG_WARN_UNREACHABLE_CODE = YES;
				CLANG_WARN__DUPLICATE_METHOD_MATCH = YES;
				"CODE_SIGN_IDENTITY[sdk=iphoneos*]" = "iPhone Developer";
				COPY_PHASE_STRIP = NO;
				DEBUG_INFORMATION_FORMAT = "dwarf-with-dsym";
				ENABLE_NS_ASSERTIONS = NO;
				ENABLE_STRICT_OBJC_MSGSEND = YES;
				GCC_C_LANGUAGE_STANDARD = gnu99;
				GCC_NO_COMMON_BLOCKS = YES;
				GCC_WARN_64_TO_32_BIT_CONVERSION = YES;
				GCC_WARN_ABOUT_RETURN_TYPE = YES_ERROR;
				GCC_WARN_UNDECLARED_SELECTOR = YES;
				GCC_WARN_UNINITIALIZED_AUTOS = YES_AGGRESSIVE;
				GCC_WARN_UNUSED_FUNCTION = YES;
				GCC_WARN_UNUSED_VARIABLE = YES;
				IPHONEOS_DEPLOYMENT_TARGET = 9.3;
				MTL_ENABLE_DEBUG_INFO = NO;
				SDKROOT = iphoneos;
				TARGETED_DEVICE_FAMILY = "1,2";
				VALIDATE_PRODUCT = YES;
			};
			name = Release;
		};
		2164844C1D10EC390099BD73 /* Debug */ = {
			isa = XCBuildConfiguration;
			buildSettings = {
				ASSETCATALOG_COMPILER_APPICON_NAME = AppIcon;
				INFOPLIST_FILE = TCWebView/Info.plist;
				LD_RUNPATH_SEARCH_PATHS = "$(inherited) @executable_path/Frameworks";
				PRODUCT_BUNDLE_IDENTIFIER = chaoren.TCWebView;
				PRODUCT_NAME = "$(TARGET_NAME)";
				SWIFT_VERSION = 3.0;
			};
			name = Debug;
		};
		2164844D1D10EC390099BD73 /* Release */ = {
			isa = XCBuildConfiguration;
			buildSettings = {
				ASSETCATALOG_COMPILER_APPICON_NAME = AppIcon;
				INFOPLIST_FILE = TCWebView/Info.plist;
				LD_RUNPATH_SEARCH_PATHS = "$(inherited) @executable_path/Frameworks";
				PRODUCT_BUNDLE_IDENTIFIER = chaoren.TCWebView;
				PRODUCT_NAME = "$(TARGET_NAME)";
				SWIFT_VERSION = 3.0;
			};
			name = Release;
		};
/* End XCBuildConfiguration section */

/* Begin XCConfigurationList section */
		216484341D10EC390099BD73 /* Build configuration list for PBXProject "TCWebView" */ = {
			isa = XCConfigurationList;
			buildConfigurations = (
				216484491D10EC390099BD73 /* Debug */,
				2164844A1D10EC390099BD73 /* Release */,
			);
			defaultConfigurationIsVisible = 0;
			defaultConfigurationName = Release;
		};
		2164844B1D10EC390099BD73 /* Build configuration list for PBXNativeTarget "TCWebView" */ = {
			isa = XCConfigurationList;
			buildConfigurations = (
				2164844C1D10EC390099BD73 /* Debug */,
				2164844D1D10EC390099BD73 /* Release */,
			);
			defaultConfigurationIsVisible = 0;
			defaultConfigurationName = Release;
		};
/* End XCConfigurationList section */
	};
	rootObject = 216484311D10EC390099BD73 /* Project object */;
}
